
Microsoft Visual Studio Solution File, Format Version 12.00
# Visual Studio Version 17
VisualStudioVersion = 17.9.34622.214
MinimumVisualStudioVersion = 10.0.40219.1
Project("{FAE04EC0-301F-11D3-BF4B-00C04F79EFBC}") = "VehicleProgramII", "VehicleProgramII.csproj", "{B208F820-7D8D-42FB-AA56-06ED3D56F2C1}"
EndProject
Global
	GlobalSection(SolutionConfigurationPlatforms) = preSolution
		Debug|Any CPU = Debug|Any CPU
		Release|Any CPU = Release|Any CPU
	EndGlobalSection
	GlobalSection(ProjectConfigurationPlatforms) = postSolution
		{B208F820-7D8D-42FB-AA56-06ED3D56F2C1}.Debug|Any CPU.ActiveCfg = Debug|Any CPU
		{B208F820-7D8D-42FB-AA56-06ED3D56F2C1}.Debug|Any CPU.Build.0 = Debug|Any CPU
		{B208F820-7D8D-42FB-AA56-06ED3D56F2C1}.Release|Any CPU.ActiveCfg = Release|Any CPU
		{B208F820-7D8D-42FB-AA56-06ED3D56F2C1}.Release|Any CPU.Build.0 = Release|Any CPU
	EndGlobalSection
	GlobalSection(SolutionProperties) = preSolution
		HideSolutionNode = FALSE
	EndGlobalSection
	GlobalSection(ExtensibilityGlobals) = postSolution
		SolutionGuid = {C01B85F9-EEC4-4932-8C1B-B19C37A0D49E}
	EndGlobalSection
EndGlobal
